
Microsoft Visual Studio Solution File, Format Version 12.00
# Visual Studio Version 17
VisualStudioVersion = 17.0.31919.166
MinimumVisualStudioVersion = 10.0.40219.1
Project("{FAE04EC0-301F-11D3-BF4B-00C04F79EFBC}") = "HW8.1", "HW8.1.csproj", "{7980A50F-06EA-4504-8538-ADC5DF4E79D4}"
EndProject
Global
	GlobalSection(SolutionConfigurationPlatforms) = preSolution
		Debug|Any CPU = Debug|Any CPU
		Release|Any CPU = Release|Any CPU
	EndGlobalSection
	GlobalSection(ProjectConfigurationPlatforms) = postSolution
		{7980A50F-06EA-4504-8538-ADC5DF4E79D4}.Debug|Any CPU.ActiveCfg = Debug|Any CPU
		{7980A50F-06EA-4504-8538-ADC5DF4E79D4}.Debug|Any CPU.Build.0 = Debug|Any CPU
		{7980A50F-06EA-4504-8538-ADC5DF4E79D4}.Release|Any CPU.ActiveCfg = Release|Any CPU
		{7980A50F-06EA-4504-8538-ADC5DF4E79D4}.Release|Any CPU.Build.0 = Release|Any CPU
	EndGlobalSection
	GlobalSection(SolutionProperties) = preSolution
		HideSolutionNode = FALSE
	EndGlobalSection
	GlobalSection(ExtensibilityGlobals) = postSolution
		SolutionGuid = {C30EED82-D93F-4030-8465-7EE3D4818BC3}
	EndGlobalSection
EndGlobal
